
Microsoft Visual Studio Solution File, Format Version 12.00
# Visual Studio 15
Project("{FAE04EC0-301F-11D3-BF4B-00C04F79EFBC}") = "Assault_Argon.Plugins", "Assault_Argon.Plugins.csproj", "{2A85E687-F233-49A3-290E-2478F4B52570}"
EndProject
Project("{FAE04EC0-301F-11D3-BF4B-00C04F79EFBC}") = "Assault_Argon", "Assault_Argon.csproj", "{7DF2B797-9237-C441-43EE-986DB42DCF6F}"
EndProject
Project("{FAE04EC0-301F-11D3-BF4B-00C04F79EFBC}") = "Assault_Argon.Editor.Plugins", "Assault_Argon.Editor.Plugins.csproj", "{2FDB97EC-CC16-2E7A-F796-D3EB6D4EA55E}"
EndProject
Global
	GlobalSection(SolutionConfigurationPlatforms) = preSolution
		Debug|Any CPU = Debug|Any CPU
		Release|Any CPU = Release|Any CPU
	EndGlobalSection
	GlobalSection(ProjectConfigurationPlatforms) = postSolution
		{2A85E687-F233-49A3-290E-2478F4B52570}.Debug|Any CPU.ActiveCfg = Debug|Any CPU
		{2A85E687-F233-49A3-290E-2478F4B52570}.Debug|Any CPU.Build.0 = Debug|Any CPU
		{2A85E687-F233-49A3-290E-2478F4B52570}.Release|Any CPU.ActiveCfg = Release|Any CPU
		{2A85E687-F233-49A3-290E-2478F4B52570}.Release|Any CPU.Build.0 = Release|Any CPU
		{7DF2B797-9237-C441-43EE-986DB42DCF6F}.Debug|Any CPU.ActiveCfg = Debug|Any CPU
		{7DF2B797-9237-C441-43EE-986DB42DCF6F}.Debug|Any CPU.Build.0 = Debug|Any CPU
		{7DF2B797-9237-C441-43EE-986DB42DCF6F}.Release|Any CPU.ActiveCfg = Release|Any CPU
		{7DF2B797-9237-C441-43EE-986DB42DCF6F}.Release|Any CPU.Build.0 = Release|Any CPU
		{2FDB97EC-CC16-2E7A-F796-D3EB6D4EA55E}.Debug|Any CPU.ActiveCfg = Debug|Any CPU
		{2FDB97EC-CC16-2E7A-F796-D3EB6D4EA55E}.Debug|Any CPU.Build.0 = Debug|Any CPU
		{2FDB97EC-CC16-2E7A-F796-D3EB6D4EA55E}.Release|Any CPU.ActiveCfg = Release|Any CPU
		{2FDB97EC-CC16-2E7A-F796-D3EB6D4EA55E}.Release|Any CPU.Build.0 = Release|Any CPU
	EndGlobalSection
	GlobalSection(SolutionProperties) = preSolution
		HideSolutionNode = FALSE
	EndGlobalSection
EndGlobal
